
Microsoft Visual Studio Solution File, Format Version 12.00
# Visual Studio Version 17
VisualStudioVersion = 17.4.33027.239
MinimumVisualStudioVersion = 10.0.40219.1
Project("{2150E333-8FDC-42A3-9474-1A3956D46DE8}") = "PlatformBrowser", "PlatformBrowser", "{5FD49BFD-0466-4E0F-9ED8-98163F489DE4}"
EndProject
Project("{FAE04EC0-301F-11D3-BF4B-00C04F79EFBC}") = "MintPlayer.PlatformBrowser", "PlatformBrowser\MintPlayer.PlatformBrowser\MintPlayer.PlatformBrowser.csproj", "{8814657B-CDE3-49B4-BD61-9B81BFFE651D}"
EndProject
Project("{FAE04EC0-301F-11D3-BF4B-00C04F79EFBC}") = "MintPlayer.PlatformBrowser.Demo", "PlatformBrowser\MintPlayer.PlatformBrowser.Demo\MintPlayer.PlatformBrowser.Demo.csproj", "{F91F23A8-F332-4CE6-974B-889F03F2D96C}"
EndProject
Project("{2150E333-8FDC-42A3-9474-1A3956D46DE8}") = "IconUtils", "IconUtils", "{52BCCC9A-D630-4088-B0B6-4C4B1ECD79EC}"
EndProject
Project("{FAE04EC0-301F-11D3-BF4B-00C04F79EFBC}") = "MintPlayer.IconUtils", "IconUtils\MintPlayer.IconUtils\MintPlayer.IconUtils.csproj", "{215419B6-D252-4484-A01F-1A266E11479D}"
EndProject
Project("{2150E333-8FDC-42A3-9474-1A3956D46DE8}") = "BrowserDialog", "BrowserDialog", "{638FB605-1111-467D-BF82-24B06D8B0642}"
EndProject
Project("{FAE04EC0-301F-11D3-BF4B-00C04F79EFBC}") = "MintPlayer.BrowserDialog", "BrowserDialog\MintPlayer.BrowserDialog\MintPlayer.BrowserDialog.csproj", "{82D6639C-6028-46F7-8055-FE8A2FD34913}"
EndProject
Project("{FAE04EC0-301F-11D3-BF4B-00C04F79EFBC}") = "MintPlayer.BrowserDialog.Demo", "BrowserDialog\MintPlayer.BrowserDialog.Demo\MintPlayer.BrowserDialog.Demo.csproj", "{BB7CFB88-70E3-4AEB-B300-0A4A41BCBA4B}"
EndProject
Global
	GlobalSection(SolutionConfigurationPlatforms) = preSolution
		Debug|Any CPU = Debug|Any CPU
		Release|Any CPU = Release|Any CPU
	EndGlobalSection
	GlobalSection(ProjectConfigurationPlatforms) = postSolution
		{8814657B-CDE3-49B4-BD61-9B81BFFE651D}.Debug|Any CPU.ActiveCfg = Debug|Any CPU
		{8814657B-CDE3-49B4-BD61-9B81BFFE651D}.Debug|Any CPU.Build.0 = Debug|Any CPU
		{8814657B-CDE3-49B4-BD61-9B81BFFE651D}.Release|Any CPU.ActiveCfg = Release|Any CPU
		{8814657B-CDE3-49B4-BD61-9B81BFFE651D}.Release|Any CPU.Build.0 = Release|Any CPU
		{F91F23A8-F332-4CE6-974B-889F03F2D96C}.Debug|Any CPU.ActiveCfg = Debug|Any CPU
		{F91F23A8-F332-4CE6-974B-889F03F2D96C}.Debug|Any CPU.Build.0 = Debug|Any CPU
		{F91F23A8-F332-4CE6-974B-889F03F2D96C}.Release|Any CPU.ActiveCfg = Release|Any CPU
		{F91F23A8-F332-4CE6-974B-889F03F2D96C}.Release|Any CPU.Build.0 = Release|Any CPU
		{215419B6-D252-4484-A01F-1A266E11479D}.Debug|Any CPU.ActiveCfg = Debug|Any CPU
		{215419B6-D252-4484-A01F-1A266E11479D}.Debug|Any CPU.Build.0 = Debug|Any CPU
		{215419B6-D252-4484-A01F-1A266E11479D}.Release|Any CPU.ActiveCfg = Release|Any CPU
		{215419B6-D252-4484-A01F-1A266E11479D}.Release|Any CPU.Build.0 = Release|Any CPU
		{82D6639C-6028-46F7-8055-FE8A2FD34913}.Debug|Any CPU.ActiveCfg = Debug|Any CPU
		{82D6639C-6028-46F7-8055-FE8A2FD34913}.Debug|Any CPU.Build.0 = Debug|Any CPU
		{82D6639C-6028-46F7-8055-FE8A2FD34913}.Release|Any CPU.ActiveCfg = Release|Any CPU
		{82D6639C-6028-46F7-8055-FE8A2FD34913}.Release|Any CPU.Build.0 = Release|Any CPU
		{BB7CFB88-70E3-4AEB-B300-0A4A41BCBA4B}.Debug|Any CPU.ActiveCfg = Debug|Any CPU
		{BB7CFB88-70E3-4AEB-B300-0A4A41BCBA4B}.Debug|Any CPU.Build.0 = Debug|Any CPU
		{BB7CFB88-70E3-4AEB-B300-0A4A41BCBA4B}.Release|Any CPU.ActiveCfg = Release|Any CPU
		{BB7CFB88-70E3-4AEB-B300-0A4A41BCBA4B}.Release|Any CPU.Build.0 = Release|Any CPU
	EndGlobalSection
	GlobalSection(SolutionProperties) = preSolution
		HideSolutionNode = FALSE
	EndGlobalSection
	GlobalSection(NestedProjects) = preSolution
		{8814657B-CDE3-49B4-BD61-9B81BFFE651D} = {5FD49BFD-0466-4E0F-9ED8-98163F489DE4}
		{F91F23A8-F332-4CE6-974B-889F03F2D96C} = {5FD49BFD-0466-4E0F-9ED8-98163F489DE4}
		{215419B6-D252-4484-A01F-1A266E11479D} = {52BCCC9A-D630-4088-B0B6-4C4B1ECD79EC}
		{82D6639C-6028-46F7-8055-FE8A2FD34913} = {638FB605-1111-467D-BF82-24B06D8B0642}
		{BB7CFB88-70E3-4AEB-B300-0A4A41BCBA4B} = {638FB605-1111-467D-BF82-24B06D8B0642}
	EndGlobalSection
	GlobalSection(ExtensibilityGlobals) = postSolution
		SolutionGuid = {ECD70619-E5DD-42D8-8F79-660C4A084B3F}
	EndGlobalSection
EndGlobal
